
Microsoft Visual Studio Solution File, Format Version 12.00
# Visual Studio Version 17
VisualStudioVersion = 17.0.31903.59
MinimumVisualStudioVersion = 10.0.40219.1
Project("{2150E333-8FDC-42A3-9474-1A3956D46DE8}") = "src", "src", "{827E0CD3-B72D-47B6-A68D-7590B98EB39B}"
EndProject
Project("{FAE04EC0-301F-11D3-BF4B-00C04F79EFBC}") = "CandidateAssessment.Domain", "src\CandidateAssessment.Domain\CandidateAssessment.Domain.csproj", "{D6BC856B-65D0-4DD1-BF16-3F74E0119A8A}"
EndProject
Project("{FAE04EC0-301F-11D3-BF4B-00C04F79EFBC}") = "CandidateAssessment.Application", "src\CandidateAssessment.Application\CandidateAssessment.Application.csproj", "{DFB0D0FE-9DA0-4CA1-A968-AD0ED0721144}"
EndProject
Project("{FAE04EC0-301F-11D3-BF4B-00C04F79EFBC}") = "CandidateAssessment.Infrastructure", "src\CandidateAssessment.Infrastructure\CandidateAssessment.Infrastructure.csproj", "{061A179C-3701-471C-94F3-9B99A6BAAB85}"
EndProject
Project("{FAE04EC0-301F-11D3-BF4B-00C04F79EFBC}") = "CandidateAssessment.Api", "src\CandidateAssessment.Api\CandidateAssessment.Api.csproj", "{BE297ED1-4517-4979-85A9-E46635CCF4C3}"
EndProject
Project("{2150E333-8FDC-42A3-9474-1A3956D46DE8}") = "tests", "tests", "{0AB3BF05-4346-4AA6-1389-037BE0695223}"
EndProject
Project("{FAE04EC0-301F-11D3-BF4B-00C04F79EFBC}") = "CandidateAssessment.UnitTests", "tests\CandidateAssessment.UnitTests\CandidateAssessment.UnitTests.csproj", "{F3F00DC4-E63C-4C0A-9742-4E4D3E216CE5}"
EndProject
Project("{FAE04EC0-301F-11D3-BF4B-00C04F79EFBC}") = "CandidateAssessment.IntegrationTests", "tests\CandidateAssessment.IntegrationTests\CandidateAssessment.IntegrationTests.csproj", "{F60CB923-9164-4C24-812E-0E0263C99D57}"
EndProject
Global
	GlobalSection(SolutionConfigurationPlatforms) = preSolution
		Debug|Any CPU = Debug|Any CPU
		Debug|x64 = Debug|x64
		Debug|x86 = Debug|x86
		Release|Any CPU = Release|Any CPU
		Release|x64 = Release|x64
		Release|x86 = Release|x86
	EndGlobalSection
	GlobalSection(ProjectConfigurationPlatforms) = postSolution
		{D6BC856B-65D0-4DD1-BF16-3F74E0119A8A}.Debug|Any CPU.ActiveCfg = Debug|Any CPU
		{D6BC856B-65D0-4DD1-BF16-3F74E0119A8A}.Debug|Any CPU.Build.0 = Debug|Any CPU
		{D6BC856B-65D0-4DD1-BF16-3F74E0119A8A}.Debug|x64.ActiveCfg = Debug|Any CPU
		{D6BC856B-65D0-4DD1-BF16-3F74E0119A8A}.Debug|x64.Build.0 = Debug|Any CPU
		{D6BC856B-65D0-4DD1-BF16-3F74E0119A8A}.Debug|x86.ActiveCfg = Debug|Any CPU
		{D6BC856B-65D0-4DD1-BF16-3F74E0119A8A}.Debug|x86.Build.0 = Debug|Any CPU
		{D6BC856B-65D0-4DD1-BF16-3F74E0119A8A}.Release|Any CPU.ActiveCfg = Release|Any CPU
		{D6BC856B-65D0-4DD1-BF16-3F74E0119A8A}.Release|Any CPU.Build.0 = Release|Any CPU
		{D6BC856B-65D0-4DD1-BF16-3F74E0119A8A}.Release|x64.ActiveCfg = Release|Any CPU
		{D6BC856B-65D0-4DD1-BF16-3F74E0119A8A}.Release|x64.Build.0 = Release|Any CPU
		{D6BC856B-65D0-4DD1-BF16-3F74E0119A8A}.Release|x86.ActiveCfg = Release|Any CPU
		{D6BC856B-65D0-4DD1-BF16-3F74E0119A8A}.Release|x86.Build.0 = Release|Any CPU
		{DFB0D0FE-9DA0-4CA1-A968-AD0ED0721144}.Debug|Any CPU.ActiveCfg = Debug|Any CPU
		{DFB0D0FE-9DA0-4CA1-A968-AD0ED0721144}.Debug|Any CPU.Build.0 = Debug|Any CPU
		{DFB0D0FE-9DA0-4CA1-A968-AD0ED0721144}.Debug|x64.ActiveCfg = Debug|Any CPU
		{DFB0D0FE-9DA0-4CA1-A968-AD0ED0721144}.Debug|x64.Build.0 = Debug|Any CPU
		{DFB0D0FE-9DA0-4CA1-A968-AD0ED0721144}.Debug|x86.ActiveCfg = Debug|Any CPU
		{DFB0D0FE-9DA0-4CA1-A968-AD0ED0721144}.Debug|x86.Build.0 = Debug|Any CPU
		{DFB0D0FE-9DA0-4CA1-A968-AD0ED0721144}.Release|Any CPU.ActiveCfg = Release|Any CPU
		{DFB0D0FE-9DA0-4CA1-A968-AD0ED0721144}.Release|Any CPU.Build.0 = Release|Any CPU
		{DFB0D0FE-9DA0-4CA1-A968-AD0ED0721144}.Release|x64.ActiveCfg = Release|Any CPU
		{DFB0D0FE-9DA0-4CA1-A968-AD0ED0721144}.Release|x64.Build.0 = Release|Any CPU
		{DFB0D0FE-9DA0-4CA1-A968-AD0ED0721144}.Release|x86.ActiveCfg = Release|Any CPU
		{DFB0D0FE-9DA0-4CA1-A968-AD0ED0721144}.Release|x86.Build.0 = Release|Any CPU
		{061A179C-3701-471C-94F3-9B99A6BAAB85}.Debug|Any CPU.ActiveCfg = Debug|Any CPU
		{061A179C-3701-471C-94F3-9B99A6BAAB85}.Debug|Any CPU.Build.0 = Debug|Any CPU
		{061A179C-3701-471C-94F3-9B99A6BAAB85}.Debug|x64.ActiveCfg = Debug|Any CPU
		{061A179C-3701-471C-94F3-9B99A6BAAB85}.Debug|x64.Build.0 = Debug|Any CPU
		{061A179C-3701-471C-94F3-9B99A6BAAB85}.Debug|x86.ActiveCfg = Debug|Any CPU
		{061A179C-3701-471C-94F3-9B99A6BAAB85}.Debug|x86.Build.0 = Debug|Any CPU
		{061A179C-3701-471C-94F3-9B99A6BAAB85}.Release|Any CPU.ActiveCfg = Release|Any CPU
		{061A179C-3701-471C-94F3-9B99A6BAAB85}.Release|Any CPU.Build.0 = Release|Any CPU
		{061A179C-3701-471C-94F3-9B99A6BAAB85}.Release|x64.ActiveCfg = Release|Any CPU
		{061A179C-3701-471C-94F3-9B99A6BAAB85}.Release|x64.Build.0 = Release|Any CPU
		{061A179C-3701-471C-94F3-9B99A6BAAB85}.Release|x86.ActiveCfg = Release|Any CPU
		{061A179C-3701-471C-94F3-9B99A6BAAB85}.Release|x86.Build.0 = Release|Any CPU
		{BE297ED1-4517-4979-85A9-E46635CCF4C3}.Debug|Any CPU.ActiveCfg = Debug|Any CPU
		{BE297ED1-4517-4979-85A9-E46635CCF4C3}.Debug|Any CPU.Build.0 = Debug|Any CPU
		{BE297ED1-4517-4979-85A9-E46635CCF4C3}.Debug|x64.ActiveCfg = Debug|Any CPU
		{BE297ED1-4517-4979-85A9-E46635CCF4C3}.Debug|x64.Build.0 = Debug|Any CPU
		{BE297ED1-4517-4979-85A9-E46635CCF4C3}.Debug|x86.ActiveCfg = Debug|Any CPU
		{BE297ED1-4517-4979-85A9-E46635CCF4C3}.Debug|x86.Build.0 = Debug|Any CPU
		{BE297ED1-4517-4979-85A9-E46635CCF4C3}.Release|Any CPU.ActiveCfg = Release|Any CPU
		{BE297ED1-4517-4979-85A9-E46635CCF4C3}.Release|Any CPU.Build.0 = Release|Any CPU
		{BE297ED1-4517-4979-85A9-E46635CCF4C3}.Release|x64.ActiveCfg = Release|Any CPU
		{BE297ED1-4517-4979-85A9-E46635CCF4C3}.Release|x64.Build.0 = Release|Any CPU
		{BE297ED1-4517-4979-85A9-E46635CCF4C3}.Release|x86.ActiveCfg = Release|Any CPU
		{BE297ED1-4517-4979-85A9-E46635CCF4C3}.Release|x86.Build.0 = Release|Any CPU
		{F3F00DC4-E63C-4C0A-9742-4E4D3E216CE5}.Debug|Any CPU.ActiveCfg = Debug|Any CPU
		{F3F00DC4-E63C-4C0A-9742-4E4D3E216CE5}.Debug|Any CPU.Build.0 = Debug|Any CPU
		{F3F00DC4-E63C-4C0A-9742-4E4D3E216CE5}.Debug|x64.ActiveCfg = Debug|Any CPU
		{F3F00DC4-E63C-4C0A-9742-4E4D3E216CE5}.Debug|x64.Build.0 = Debug|Any CPU
		{F3F00DC4-E63C-4C0A-9742-4E4D3E216CE5}.Debug|x86.ActiveCfg = Debug|Any CPU
		{F3F00DC4-E63C-4C0A-9742-4E4D3E216CE5}.Debug|x86.Build.0 = Debug|Any CPU
		{F3F00DC4-E63C-4C0A-9742-4E4D3E216CE5}.Release|Any CPU.ActiveCfg = Release|Any CPU
		{F3F00DC4-E63C-4C0A-9742-4E4D3E216CE5}.Release|Any CPU.Build.0 = Release|Any CPU
		{F3F00DC4-E63C-4C0A-9742-4E4D3E216CE5}.Release|x64.ActiveCfg = Release|Any CPU
		{F3F00DC4-E63C-4C0A-9742-4E4D3E216CE5}.Release|x64.Build.0 = Release|Any CPU
		{F3F00DC4-E63C-4C0A-9742-4E4D3E216CE5}.Release|x86.ActiveCfg = Release|Any CPU
		{F3F00DC4-E63C-4C0A-9742-4E4D3E216CE5}.Release|x86.Build.0 = Release|Any CPU
		{F60CB923-9164-4C24-812E-0E0263C99D57}.Debug|Any CPU.ActiveCfg = Debug|Any CPU
		{F60CB923-9164-4C24-812E-0E0263C99D57}.Debug|Any CPU.Build.0 = Debug|Any CPU
		{F60CB923-9164-4C24-812E-0E0263C99D57}.Debug|x64.ActiveCfg = Debug|Any CPU
		{F60CB923-9164-4C24-812E-0E0263C99D57}.Debug|x64.Build.0 = Debug|Any CPU
		{F60CB923-9164-4C24-812E-0E0263C99D57}.Debug|x86.ActiveCfg = Debug|Any CPU
		{F60CB923-9164-4C24-812E-0E0263C99D57}.Debug|x86.Build.0 = Debug|Any CPU
		{F60CB923-9164-4C24-812E-0E0263C99D57}.Release|Any CPU.ActiveCfg = Release|Any CPU
		{F60CB923-9164-4C24-812E-0E0263C99D57}.Release|Any CPU.Build.0 = Release|Any CPU
		{F60CB923-9164-4C24-812E-0E0263C99D57}.Release|x64.ActiveCfg = Release|Any CPU
		{F60CB923-9164-4C24-812E-0E0263C99D57}.Release|x64.Build.0 = Release|Any CPU
		{F60CB923-9164-4C24-812E-0E0263C99D57}.Release|x86.ActiveCfg = Release|Any CPU
		{F60CB923-9164-4C24-812E-0E0263C99D57}.Release|x86.Build.0 = Release|Any CPU
	EndGlobalSection
	GlobalSection(SolutionProperties) = preSolution
		HideSolutionNode = FALSE
	EndGlobalSection
	GlobalSection(NestedProjects) = preSolution
		{D6BC856B-65D0-4DD1-BF16-3F74E0119A8A} = {827E0CD3-B72D-47B6-A68D-7590B98EB39B}
		{DFB0D0FE-9DA0-4CA1-A968-AD0ED0721144} = {827E0CD3-B72D-47B6-A68D-7590B98EB39B}
		{061A179C-3701-471C-94F3-9B99A6BAAB85} = {827E0CD3-B72D-47B6-A68D-7590B98EB39B}
		{BE297ED1-4517-4979-85A9-E46635CCF4C3} = {827E0CD3-B72D-47B6-A68D-7590B98EB39B}
		{F3F00DC4-E63C-4C0A-9742-4E4D3E216CE5} = {0AB3BF05-4346-4AA6-1389-037BE0695223}
		{F60CB923-9164-4C24-812E-0E0263C99D57} = {0AB3BF05-4346-4AA6-1389-037BE0695223}
	EndGlobalSection
EndGlobal
